
Microsoft Visual Studio Solution File, Format Version 12.00
Project("{FAE04EC0-301F-11D3-BF4B-00C04F79EFBC}") = "ConsoleApp1", "ConsoleApp1\ConsoleApp1.csproj", "{0AFE2BF7-73C0-4440-846E-97ACF6F40709}"
EndProject
Project("{FAE04EC0-301F-11D3-BF4B-00C04F79EFBC}") = "ConsoleApp2", "ConsoleApp2\ConsoleApp2.csproj", "{F0AE49C2-735A-48F8-9C12-850A8174E03C}"
EndProject
Project("{FAE04EC0-301F-11D3-BF4B-00C04F79EFBC}") = "Switch", "Switch\Switch.csproj", "{56142F4C-1A71-4989-8C8F-E3002C5EA2D0}"
EndProject
Project("{FAE04EC0-301F-11D3-BF4B-00C04F79EFBC}") = "Calculator", "Calculator\Calculator.csproj", "{1030B960-7AF3-43CC-9310-98A9EF032C31}"
EndProject
Project("{FAE04EC0-301F-11D3-BF4B-00C04F79EFBC}") = "While", "While\While.csproj", "{9840FA39-4BA1-4444-B408-F8F4E7A3A261}"
EndProject
Project("{FAE04EC0-301F-11D3-BF4B-00C04F79EFBC}") = "sumodd", "sumodd\sumodd.csproj", "{30505A8E-CC02-4ADC-A3F7-F8DD68ABEB4C}"
EndProject
Project("{FAE04EC0-301F-11D3-BF4B-00C04F79EFBC}") = "forCicle", "forCicle\forCicle.csproj", "{1DDE49D8-A2FB-4732-9C02-0D5018FC79EA}"
EndProject
Project("{FAE04EC0-301F-11D3-BF4B-00C04F79EFBC}") = "Break", "Break\Break.csproj", "{285D88D0-2D8A-4820-886A-8F376B7D11AE}"
EndProject
Project("{FAE04EC0-301F-11D3-BF4B-00C04F79EFBC}") = "Calculator2", "Calculator2\Calculator2.csproj", "{D332E2BB-92AB-4A81-9534-162F7835EF19}"
EndProject
Project("{FAE04EC0-301F-11D3-BF4B-00C04F79EFBC}") = "cube", "cube\cube.csproj", "{4B7DB3D0-A86C-4F39-A231-F5D8BA3E1FC8}"
EndProject
Project("{FAE04EC0-301F-11D3-BF4B-00C04F79EFBC}") = "Triangle", "Triangle\Triangle.csproj", "{F95451ED-237E-45B2-877C-30B80E3DBD6A}"
EndProject
Project("{FAE04EC0-301F-11D3-BF4B-00C04F79EFBC}") = "ternar", "ternar\ternar.csproj", "{F06CC8E0-2EFB-406C-A5B5-33665A5A7728}"
EndProject
Project("{FAE04EC0-301F-11D3-BF4B-00C04F79EFBC}") = "Array", "Array\Array.csproj", "{82F0601E-1C3D-4C2D-90CB-1F5636201D77}"
EndProject
Project("{FAE04EC0-301F-11D3-BF4B-00C04F79EFBC}") = "arrayAdd", "arrayAdd\arrayAdd.csproj", "{3326FE32-DE52-4E9D-8172-07DA931AE964}"
EndProject
Project("{FAE04EC0-301F-11D3-BF4B-00C04F79EFBC}") = "minArray", "minArray\minArray.csproj", "{DA69C071-DCB2-476E-9F1D-801ECC22FC5A}"
EndProject
Project("{FAE04EC0-301F-11D3-BF4B-00C04F79EFBC}") = "vladtask", "vladtask\vladtask.csproj", "{B6068B93-22A2-43FE-A0DC-2AB6553F1E02}"
EndProject
Project("{FAE04EC0-301F-11D3-BF4B-00C04F79EFBC}") = "vladtaskRefactor", "vladtaskRefactor\vladtaskRefactor.csproj", "{1DF7BF2C-92E8-450D-9618-B78B6F5B2C03}"
EndProject
Project("{FAE04EC0-301F-11D3-BF4B-00C04F79EFBC}") = "indexx", "indexx\indexx.csproj", "{4AB5925A-BECE-4F00-9083-0673DFF22DAA}"
EndProject
Project("{FAE04EC0-301F-11D3-BF4B-00C04F79EFBC}") = "random", "random\random.csproj", "{574414D0-6715-4223-BC9F-EDB4D5D1E4D4}"
EndProject
Project("{FAE04EC0-301F-11D3-BF4B-00C04F79EFBC}") = "vladtask2", "vladtask2\vladtask2.csproj", "{B56F1D11-B889-4265-9F66-CF7D66BF21E4}"
EndProject
Project("{FAE04EC0-301F-11D3-BF4B-00C04F79EFBC}") = "doubleArray", "doubleArray\doubleArray.csproj", "{FD59FB85-82A8-411C-BF64-AB20EB158503}"
EndProject
Project("{FAE04EC0-301F-11D3-BF4B-00C04F79EFBC}") = "classstudy", "classstudy\classstudy.csproj", "{382F7930-145B-42BA-8D7D-E5017FE8CA63}"
EndProject
Project("{FAE04EC0-301F-11D3-BF4B-00C04F79EFBC}") = "classtask", "classtask\classtask.csproj", "{82D568E3-17A9-4F26-9B49-2E5428224F68}"
EndProject
Global
	GlobalSection(SolutionConfigurationPlatforms) = preSolution
		Debug|Any CPU = Debug|Any CPU
		Release|Any CPU = Release|Any CPU
	EndGlobalSection
	GlobalSection(ProjectConfigurationPlatforms) = postSolution
		{0AFE2BF7-73C0-4440-846E-97ACF6F40709}.Debug|Any CPU.ActiveCfg = Debug|Any CPU
		{0AFE2BF7-73C0-4440-846E-97ACF6F40709}.Debug|Any CPU.Build.0 = Debug|Any CPU
		{0AFE2BF7-73C0-4440-846E-97ACF6F40709}.Release|Any CPU.ActiveCfg = Release|Any CPU
		{0AFE2BF7-73C0-4440-846E-97ACF6F40709}.Release|Any CPU.Build.0 = Release|Any CPU
		{F0AE49C2-735A-48F8-9C12-850A8174E03C}.Debug|Any CPU.ActiveCfg = Debug|Any CPU
		{F0AE49C2-735A-48F8-9C12-850A8174E03C}.Debug|Any CPU.Build.0 = Debug|Any CPU
		{F0AE49C2-735A-48F8-9C12-850A8174E03C}.Release|Any CPU.ActiveCfg = Release|Any CPU
		{F0AE49C2-735A-48F8-9C12-850A8174E03C}.Release|Any CPU.Build.0 = Release|Any CPU
		{56142F4C-1A71-4989-8C8F-E3002C5EA2D0}.Debug|Any CPU.ActiveCfg = Debug|Any CPU
		{56142F4C-1A71-4989-8C8F-E3002C5EA2D0}.Debug|Any CPU.Build.0 = Debug|Any CPU
		{56142F4C-1A71-4989-8C8F-E3002C5EA2D0}.Release|Any CPU.ActiveCfg = Release|Any CPU
		{56142F4C-1A71-4989-8C8F-E3002C5EA2D0}.Release|Any CPU.Build.0 = Release|Any CPU
		{1030B960-7AF3-43CC-9310-98A9EF032C31}.Debug|Any CPU.ActiveCfg = Debug|Any CPU
		{1030B960-7AF3-43CC-9310-98A9EF032C31}.Debug|Any CPU.Build.0 = Debug|Any CPU
		{1030B960-7AF3-43CC-9310-98A9EF032C31}.Release|Any CPU.ActiveCfg = Release|Any CPU
		{1030B960-7AF3-43CC-9310-98A9EF032C31}.Release|Any CPU.Build.0 = Release|Any CPU
		{9840FA39-4BA1-4444-B408-F8F4E7A3A261}.Debug|Any CPU.ActiveCfg = Debug|Any CPU
		{9840FA39-4BA1-4444-B408-F8F4E7A3A261}.Debug|Any CPU.Build.0 = Debug|Any CPU
		{9840FA39-4BA1-4444-B408-F8F4E7A3A261}.Release|Any CPU.ActiveCfg = Release|Any CPU
		{9840FA39-4BA1-4444-B408-F8F4E7A3A261}.Release|Any CPU.Build.0 = Release|Any CPU
		{30505A8E-CC02-4ADC-A3F7-F8DD68ABEB4C}.Debug|Any CPU.ActiveCfg = Debug|Any CPU
		{30505A8E-CC02-4ADC-A3F7-F8DD68ABEB4C}.Debug|Any CPU.Build.0 = Debug|Any CPU
		{30505A8E-CC02-4ADC-A3F7-F8DD68ABEB4C}.Release|Any CPU.ActiveCfg = Release|Any CPU
		{30505A8E-CC02-4ADC-A3F7-F8DD68ABEB4C}.Release|Any CPU.Build.0 = Release|Any CPU
		{1DDE49D8-A2FB-4732-9C02-0D5018FC79EA}.Debug|Any CPU.ActiveCfg = Debug|Any CPU
		{1DDE49D8-A2FB-4732-9C02-0D5018FC79EA}.Debug|Any CPU.Build.0 = Debug|Any CPU
		{1DDE49D8-A2FB-4732-9C02-0D5018FC79EA}.Release|Any CPU.ActiveCfg = Release|Any CPU
		{1DDE49D8-A2FB-4732-9C02-0D5018FC79EA}.Release|Any CPU.Build.0 = Release|Any CPU
		{285D88D0-2D8A-4820-886A-8F376B7D11AE}.Debug|Any CPU.ActiveCfg = Debug|Any CPU
		{285D88D0-2D8A-4820-886A-8F376B7D11AE}.Debug|Any CPU.Build.0 = Debug|Any CPU
		{285D88D0-2D8A-4820-886A-8F376B7D11AE}.Release|Any CPU.ActiveCfg = Release|Any CPU
		{285D88D0-2D8A-4820-886A-8F376B7D11AE}.Release|Any CPU.Build.0 = Release|Any CPU
		{D332E2BB-92AB-4A81-9534-162F7835EF19}.Debug|Any CPU.ActiveCfg = Debug|Any CPU
		{D332E2BB-92AB-4A81-9534-162F7835EF19}.Debug|Any CPU.Build.0 = Debug|Any CPU
		{D332E2BB-92AB-4A81-9534-162F7835EF19}.Release|Any CPU.ActiveCfg = Release|Any CPU
		{D332E2BB-92AB-4A81-9534-162F7835EF19}.Release|Any CPU.Build.0 = Release|Any CPU
		{4B7DB3D0-A86C-4F39-A231-F5D8BA3E1FC8}.Debug|Any CPU.ActiveCfg = Debug|Any CPU
		{4B7DB3D0-A86C-4F39-A231-F5D8BA3E1FC8}.Debug|Any CPU.Build.0 = Debug|Any CPU
		{4B7DB3D0-A86C-4F39-A231-F5D8BA3E1FC8}.Release|Any CPU.ActiveCfg = Release|Any CPU
		{4B7DB3D0-A86C-4F39-A231-F5D8BA3E1FC8}.Release|Any CPU.Build.0 = Release|Any CPU
		{F95451ED-237E-45B2-877C-30B80E3DBD6A}.Debug|Any CPU.ActiveCfg = Debug|Any CPU
		{F95451ED-237E-45B2-877C-30B80E3DBD6A}.Debug|Any CPU.Build.0 = Debug|Any CPU
		{F95451ED-237E-45B2-877C-30B80E3DBD6A}.Release|Any CPU.ActiveCfg = Release|Any CPU
		{F95451ED-237E-45B2-877C-30B80E3DBD6A}.Release|Any CPU.Build.0 = Release|Any CPU
		{F06CC8E0-2EFB-406C-A5B5-33665A5A7728}.Debug|Any CPU.ActiveCfg = Debug|Any CPU
		{F06CC8E0-2EFB-406C-A5B5-33665A5A7728}.Debug|Any CPU.Build.0 = Debug|Any CPU
		{F06CC8E0-2EFB-406C-A5B5-33665A5A7728}.Release|Any CPU.ActiveCfg = Release|Any CPU
		{F06CC8E0-2EFB-406C-A5B5-33665A5A7728}.Release|Any CPU.Build.0 = Release|Any CPU
		{82F0601E-1C3D-4C2D-90CB-1F5636201D77}.Debug|Any CPU.ActiveCfg = Debug|Any CPU
		{82F0601E-1C3D-4C2D-90CB-1F5636201D77}.Debug|Any CPU.Build.0 = Debug|Any CPU
		{82F0601E-1C3D-4C2D-90CB-1F5636201D77}.Release|Any CPU.ActiveCfg = Release|Any CPU
		{82F0601E-1C3D-4C2D-90CB-1F5636201D77}.Release|Any CPU.Build.0 = Release|Any CPU
		{3326FE32-DE52-4E9D-8172-07DA931AE964}.Debug|Any CPU.ActiveCfg = Debug|Any CPU
		{3326FE32-DE52-4E9D-8172-07DA931AE964}.Debug|Any CPU.Build.0 = Debug|Any CPU
		{3326FE32-DE52-4E9D-8172-07DA931AE964}.Release|Any CPU.ActiveCfg = Release|Any CPU
		{3326FE32-DE52-4E9D-8172-07DA931AE964}.Release|Any CPU.Build.0 = Release|Any CPU
		{DA69C071-DCB2-476E-9F1D-801ECC22FC5A}.Debug|Any CPU.ActiveCfg = Debug|Any CPU
		{DA69C071-DCB2-476E-9F1D-801ECC22FC5A}.Debug|Any CPU.Build.0 = Debug|Any CPU
		{DA69C071-DCB2-476E-9F1D-801ECC22FC5A}.Release|Any CPU.ActiveCfg = Release|Any CPU
		{DA69C071-DCB2-476E-9F1D-801ECC22FC5A}.Release|Any CPU.Build.0 = Release|Any CPU
		{B6068B93-22A2-43FE-A0DC-2AB6553F1E02}.Debug|Any CPU.ActiveCfg = Debug|Any CPU
		{B6068B93-22A2-43FE-A0DC-2AB6553F1E02}.Debug|Any CPU.Build.0 = Debug|Any CPU
		{B6068B93-22A2-43FE-A0DC-2AB6553F1E02}.Release|Any CPU.ActiveCfg = Release|Any CPU
		{B6068B93-22A2-43FE-A0DC-2AB6553F1E02}.Release|Any CPU.Build.0 = Release|Any CPU
		{1DF7BF2C-92E8-450D-9618-B78B6F5B2C03}.Debug|Any CPU.ActiveCfg = Debug|Any CPU
		{1DF7BF2C-92E8-450D-9618-B78B6F5B2C03}.Debug|Any CPU.Build.0 = Debug|Any CPU
		{1DF7BF2C-92E8-450D-9618-B78B6F5B2C03}.Release|Any CPU.ActiveCfg = Release|Any CPU
		{1DF7BF2C-92E8-450D-9618-B78B6F5B2C03}.Release|Any CPU.Build.0 = Release|Any CPU
		{4AB5925A-BECE-4F00-9083-0673DFF22DAA}.Debug|Any CPU.ActiveCfg = Debug|Any CPU
		{4AB5925A-BECE-4F00-9083-0673DFF22DAA}.Debug|Any CPU.Build.0 = Debug|Any CPU
		{4AB5925A-BECE-4F00-9083-0673DFF22DAA}.Release|Any CPU.ActiveCfg = Release|Any CPU
		{4AB5925A-BECE-4F00-9083-0673DFF22DAA}.Release|Any CPU.Build.0 = Release|Any CPU
		{574414D0-6715-4223-BC9F-EDB4D5D1E4D4}.Debug|Any CPU.ActiveCfg = Debug|Any CPU
		{574414D0-6715-4223-BC9F-EDB4D5D1E4D4}.Debug|Any CPU.Build.0 = Debug|Any CPU
		{574414D0-6715-4223-BC9F-EDB4D5D1E4D4}.Release|Any CPU.ActiveCfg = Release|Any CPU
		{574414D0-6715-4223-BC9F-EDB4D5D1E4D4}.Release|Any CPU.Build.0 = Release|Any CPU
		{B56F1D11-B889-4265-9F66-CF7D66BF21E4}.Debug|Any CPU.ActiveCfg = Debug|Any CPU
		{B56F1D11-B889-4265-9F66-CF7D66BF21E4}.Debug|Any CPU.Build.0 = Debug|Any CPU
		{B56F1D11-B889-4265-9F66-CF7D66BF21E4}.Release|Any CPU.ActiveCfg = Release|Any CPU
		{B56F1D11-B889-4265-9F66-CF7D66BF21E4}.Release|Any CPU.Build.0 = Release|Any CPU
		{FD59FB85-82A8-411C-BF64-AB20EB158503}.Debug|Any CPU.ActiveCfg = Debug|Any CPU
		{FD59FB85-82A8-411C-BF64-AB20EB158503}.Debug|Any CPU.Build.0 = Debug|Any CPU
		{FD59FB85-82A8-411C-BF64-AB20EB158503}.Release|Any CPU.ActiveCfg = Release|Any CPU
		{FD59FB85-82A8-411C-BF64-AB20EB158503}.Release|Any CPU.Build.0 = Release|Any CPU
		{382F7930-145B-42BA-8D7D-E5017FE8CA63}.Debug|Any CPU.ActiveCfg = Debug|Any CPU
		{382F7930-145B-42BA-8D7D-E5017FE8CA63}.Debug|Any CPU.Build.0 = Debug|Any CPU
		{382F7930-145B-42BA-8D7D-E5017FE8CA63}.Release|Any CPU.ActiveCfg = Release|Any CPU
		{382F7930-145B-42BA-8D7D-E5017FE8CA63}.Release|Any CPU.Build.0 = Release|Any CPU
		{82D568E3-17A9-4F26-9B49-2E5428224F68}.Debug|Any CPU.ActiveCfg = Debug|Any CPU
		{82D568E3-17A9-4F26-9B49-2E5428224F68}.Debug|Any CPU.Build.0 = Debug|Any CPU
		{82D568E3-17A9-4F26-9B49-2E5428224F68}.Release|Any CPU.ActiveCfg = Release|Any CPU
		{82D568E3-17A9-4F26-9B49-2E5428224F68}.Release|Any CPU.Build.0 = Release|Any CPU
	EndGlobalSection
EndGlobal
